
Microsoft Visual Studio Solution File, Format Version 12.00
Project("{FAE04EC0-301F-11D3-BF4B-00C04F79EFBC}") = "Day1", "Day1\Day1.csproj", "{C4C505C5-477E-45C7-8425-2F7E30389FD9}"
EndProject
Project("{FAE04EC0-301F-11D3-BF4B-00C04F79EFBC}") = "Day2", "Day2\Day2.csproj", "{2EAB01E0-D9B1-4ABA-94BA-DFFA8FCA3E01}"
EndProject
Global
	GlobalSection(SolutionConfigurationPlatforms) = preSolution
		Debug|Any CPU = Debug|Any CPU
		Release|Any CPU = Release|Any CPU
	EndGlobalSection
	GlobalSection(ProjectConfigurationPlatforms) = postSolution
		{C4C505C5-477E-45C7-8425-2F7E30389FD9}.Debug|Any CPU.ActiveCfg = Debug|Any CPU
		{C4C505C5-477E-45C7-8425-2F7E30389FD9}.Debug|Any CPU.Build.0 = Debug|Any CPU
		{C4C505C5-477E-45C7-8425-2F7E30389FD9}.Release|Any CPU.ActiveCfg = Release|Any CPU
		{C4C505C5-477E-45C7-8425-2F7E30389FD9}.Release|Any CPU.Build.0 = Release|Any CPU
		{2EAB01E0-D9B1-4ABA-94BA-DFFA8FCA3E01}.Debug|Any CPU.ActiveCfg = Debug|Any CPU
		{2EAB01E0-D9B1-4ABA-94BA-DFFA8FCA3E01}.Debug|Any CPU.Build.0 = Debug|Any CPU
		{2EAB01E0-D9B1-4ABA-94BA-DFFA8FCA3E01}.Release|Any CPU.ActiveCfg = Release|Any CPU
		{2EAB01E0-D9B1-4ABA-94BA-DFFA8FCA3E01}.Release|Any CPU.Build.0 = Release|Any CPU
	EndGlobalSection
EndGlobal
