
Microsoft Visual Studio Solution File, Format Version 12.00
Project("{FAE04EC0-301F-11D3-BF4B-00C04F79EFBC}") = "Day1", "Day1\Day1.csproj", "{C4C505C5-477E-45C7-8425-2F7E30389FD9}"
EndProject
Project("{FAE04EC0-301F-11D3-BF4B-00C04F79EFBC}") = "Day2", "Day2\Day2.csproj", "{2EAB01E0-D9B1-4ABA-94BA-DFFA8FCA3E01}"
EndProject
Project("{FAE04EC0-301F-11D3-BF4B-00C04F79EFBC}") = "Day3", "Day3\Day3.csproj", "{47957CF5-95CE-4D50-AE20-10366418879E}"
EndProject
Project("{FAE04EC0-301F-11D3-BF4B-00C04F79EFBC}") = "Day4", "Day4\Day4.csproj", "{DB7743F0-9058-4135-AE7F-7DB2BDEA4CFF}"
EndProject
Global
	GlobalSection(SolutionConfigurationPlatforms) = preSolution
		Debug|Any CPU = Debug|Any CPU
		Release|Any CPU = Release|Any CPU
	EndGlobalSection
	GlobalSection(ProjectConfigurationPlatforms) = postSolution
		{C4C505C5-477E-45C7-8425-2F7E30389FD9}.Debug|Any CPU.ActiveCfg = Debug|Any CPU
		{C4C505C5-477E-45C7-8425-2F7E30389FD9}.Debug|Any CPU.Build.0 = Debug|Any CPU
		{C4C505C5-477E-45C7-8425-2F7E30389FD9}.Release|Any CPU.ActiveCfg = Release|Any CPU
		{C4C505C5-477E-45C7-8425-2F7E30389FD9}.Release|Any CPU.Build.0 = Release|Any CPU
		{2EAB01E0-D9B1-4ABA-94BA-DFFA8FCA3E01}.Debug|Any CPU.ActiveCfg = Debug|Any CPU
		{2EAB01E0-D9B1-4ABA-94BA-DFFA8FCA3E01}.Debug|Any CPU.Build.0 = Debug|Any CPU
		{2EAB01E0-D9B1-4ABA-94BA-DFFA8FCA3E01}.Release|Any CPU.ActiveCfg = Release|Any CPU
		{2EAB01E0-D9B1-4ABA-94BA-DFFA8FCA3E01}.Release|Any CPU.Build.0 = Release|Any CPU
		{47957CF5-95CE-4D50-AE20-10366418879E}.Debug|Any CPU.ActiveCfg = Debug|Any CPU
		{47957CF5-95CE-4D50-AE20-10366418879E}.Debug|Any CPU.Build.0 = Debug|Any CPU
		{47957CF5-95CE-4D50-AE20-10366418879E}.Release|Any CPU.ActiveCfg = Release|Any CPU
		{47957CF5-95CE-4D50-AE20-10366418879E}.Release|Any CPU.Build.0 = Release|Any CPU
		{DB7743F0-9058-4135-AE7F-7DB2BDEA4CFF}.Debug|Any CPU.ActiveCfg = Debug|Any CPU
		{DB7743F0-9058-4135-AE7F-7DB2BDEA4CFF}.Debug|Any CPU.Build.0 = Debug|Any CPU
		{DB7743F0-9058-4135-AE7F-7DB2BDEA4CFF}.Release|Any CPU.ActiveCfg = Release|Any CPU
		{DB7743F0-9058-4135-AE7F-7DB2BDEA4CFF}.Release|Any CPU.Build.0 = Release|Any CPU
	EndGlobalSection
EndGlobal
